
Microsoft Visual Studio Solution File, Format Version 12.00
# Visual Studio 2015
Project("{FAE04EC0-301F-11D3-BF4B-00C04F79EFBC}") = "Ninja Jesus.CSharp.Plugins", "Ninja Jesus.CSharp.Plugins.csproj", "{E3807794-6057-91F8-930A-CE4176DE8AC7}"
EndProject
Project("{FAE04EC0-301F-11D3-BF4B-00C04F79EFBC}") = "Ninja Jesus.CSharp", "Ninja Jesus.CSharp.csproj", "{6040F721-6E27-A308-F182-016803918ADA}"
EndProject
Project("{FAE04EC0-301F-11D3-BF4B-00C04F79EFBC}") = "Ninja Jesus.CSharp.Editor", "Ninja Jesus.CSharp.Editor.csproj", "{9FF68AFC-3561-A515-196D-B493F56DB906}"
EndProject
Global
	GlobalSection(SolutionConfigurationPlatforms) = preSolution
		Debug|Any CPU = Debug|Any CPU
		Release|Any CPU = Release|Any CPU
	EndGlobalSection
	GlobalSection(ProjectConfigurationPlatforms) = postSolution
		{E3807794-6057-91F8-930A-CE4176DE8AC7}.Debug|Any CPU.ActiveCfg = Debug|Any CPU
		{E3807794-6057-91F8-930A-CE4176DE8AC7}.Debug|Any CPU.Build.0 = Debug|Any CPU
		{E3807794-6057-91F8-930A-CE4176DE8AC7}.Release|Any CPU.ActiveCfg = Release|Any CPU
		{E3807794-6057-91F8-930A-CE4176DE8AC7}.Release|Any CPU.Build.0 = Release|Any CPU
		{6040F721-6E27-A308-F182-016803918ADA}.Debug|Any CPU.ActiveCfg = Debug|Any CPU
		{6040F721-6E27-A308-F182-016803918ADA}.Debug|Any CPU.Build.0 = Debug|Any CPU
		{6040F721-6E27-A308-F182-016803918ADA}.Release|Any CPU.ActiveCfg = Release|Any CPU
		{6040F721-6E27-A308-F182-016803918ADA}.Release|Any CPU.Build.0 = Release|Any CPU
		{9FF68AFC-3561-A515-196D-B493F56DB906}.Debug|Any CPU.ActiveCfg = Debug|Any CPU
		{9FF68AFC-3561-A515-196D-B493F56DB906}.Debug|Any CPU.Build.0 = Debug|Any CPU
		{9FF68AFC-3561-A515-196D-B493F56DB906}.Release|Any CPU.ActiveCfg = Release|Any CPU
		{9FF68AFC-3561-A515-196D-B493F56DB906}.Release|Any CPU.Build.0 = Release|Any CPU
	EndGlobalSection
	GlobalSection(SolutionProperties) = preSolution
		HideSolutionNode = FALSE
	EndGlobalSection
EndGlobal
